
Microsoft Visual Studio Solution File, Format Version 12.00
# Visual Studio Version 17
VisualStudioVersion = 17.2.32519.379
MinimumVisualStudioVersion = 10.0.40219.1
Project("{FAE04EC0-301F-11D3-BF4B-00C04F79EFBC}") = "API", "API\API.csproj", "{7225E790-CF62-4D95-AA54-152CDCC699BF}"
EndProject
Global
	GlobalSection(SolutionConfigurationPlatforms) = preSolution
		Debug|Any CPU = Debug|Any CPU
		Release|Any CPU = Release|Any CPU
	EndGlobalSection
	GlobalSection(ProjectConfigurationPlatforms) = postSolution
		{7225E790-CF62-4D95-AA54-152CDCC699BF}.Debug|Any CPU.ActiveCfg = Debug|Any CPU
		{7225E790-CF62-4D95-AA54-152CDCC699BF}.Debug|Any CPU.Build.0 = Debug|Any CPU
		{7225E790-CF62-4D95-AA54-152CDCC699BF}.Release|Any CPU.ActiveCfg = Release|Any CPU
		{7225E790-CF62-4D95-AA54-152CDCC699BF}.Release|Any CPU.Build.0 = Release|Any CPU
	EndGlobalSection
	GlobalSection(SolutionProperties) = preSolution
		HideSolutionNode = FALSE
	EndGlobalSection
	GlobalSection(ExtensibilityGlobals) = postSolution
		SolutionGuid = {6ECB8ECB-199C-479F-B492-48FEC2018D15}
	EndGlobalSection
EndGlobal
